
Microsoft Visual Studio Solution File, Format Version 12.00
# Visual Studio Version 17
VisualStudioVersion = 17.10.35122.118
MinimumVisualStudioVersion = 10.0.40219.1
Project("{FAE04EC0-301F-11D3-BF4B-00C04F79EFBC}") = "Aula5", "Aula5\Aula5.csproj", "{7FA8A770-FFE5-4F61-AA06-AD89EB57FE45}"
EndProject
Global
	GlobalSection(SolutionConfigurationPlatforms) = preSolution
		Debug|Any CPU = Debug|Any CPU
		Release|Any CPU = Release|Any CPU
	EndGlobalSection
	GlobalSection(ProjectConfigurationPlatforms) = postSolution
		{7FA8A770-FFE5-4F61-AA06-AD89EB57FE45}.Debug|Any CPU.ActiveCfg = Debug|Any CPU
		{7FA8A770-FFE5-4F61-AA06-AD89EB57FE45}.Debug|Any CPU.Build.0 = Debug|Any CPU
		{7FA8A770-FFE5-4F61-AA06-AD89EB57FE45}.Release|Any CPU.ActiveCfg = Release|Any CPU
		{7FA8A770-FFE5-4F61-AA06-AD89EB57FE45}.Release|Any CPU.Build.0 = Release|Any CPU
	EndGlobalSection
	GlobalSection(SolutionProperties) = preSolution
		HideSolutionNode = FALSE
	EndGlobalSection
	GlobalSection(ExtensibilityGlobals) = postSolution
		SolutionGuid = {A6C9236B-C5ED-4214-8CDF-225488494C0D}
	EndGlobalSection
EndGlobal
