
Microsoft Visual Studio Solution File, Format Version 12.00
# Visual Studio Version 17
VisualStudioVersion = 17.10.35122.118
MinimumVisualStudioVersion = 10.0.40219.1
Project("{FAE04EC0-301F-11D3-BF4B-00C04F79EFBC}") = "normal_23012024", "normal_23012024\normal_23012024.csproj", "{C7D15E3C-F7FF-4794-B6B3-1ADD0CE45ACE}"
EndProject
Global
	GlobalSection(SolutionConfigurationPlatforms) = preSolution
		Debug|Any CPU = Debug|Any CPU
		Release|Any CPU = Release|Any CPU
	EndGlobalSection
	GlobalSection(ProjectConfigurationPlatforms) = postSolution
		{C7D15E3C-F7FF-4794-B6B3-1ADD0CE45ACE}.Debug|Any CPU.ActiveCfg = Debug|Any CPU
		{C7D15E3C-F7FF-4794-B6B3-1ADD0CE45ACE}.Debug|Any CPU.Build.0 = Debug|Any CPU
		{C7D15E3C-F7FF-4794-B6B3-1ADD0CE45ACE}.Release|Any CPU.ActiveCfg = Release|Any CPU
		{C7D15E3C-F7FF-4794-B6B3-1ADD0CE45ACE}.Release|Any CPU.Build.0 = Release|Any CPU
	EndGlobalSection
	GlobalSection(SolutionProperties) = preSolution
		HideSolutionNode = FALSE
	EndGlobalSection
	GlobalSection(ExtensibilityGlobals) = postSolution
		SolutionGuid = {34F981FC-3591-4F5C-B31A-B81E215C59DD}
	EndGlobalSection
EndGlobal
